// !$*UTF8*$!
{
	archiveVersion = 1;
	classes = {};
	objectVersion = 56;
	objects = {

/* Begin PBXBuildFile section */
	00112233445566778899AC00 /* ImboniApp.swift in Sources */ = {isa = PBXBuildFile; fileRef = 00112233445566778899AB00 /* ImboniApp.swift */; };
	00112233445566778899AC01 /* ContentView.swift in Sources */ = {isa = PBXBuildFile; fileRef = 00112233445566778899AB01 /* ContentView.swift */; };
	00112233445566778899AC02 /* CameraCaptureView.swift in Sources */ = {isa = PBXBuildFile; fileRef = 00112233445566778899AB02 /* CameraCaptureView.swift */; };
	00112233445566778899AC03 /* AIResponseView.swift in Sources */ = {isa = PBXBuildFile; fileRef = 00112233445566778899AB03 /* AIResponseView.swift */; };
	00112233445566778899AC04 /* HumanHandoffView.swift in Sources */ = {isa = PBXBuildFile; fileRef = 00112233445566778899AB04 /* HumanHandoffView.swift */; };
	00112233445566778899AC05 /* HistoryView.swift in Sources */ = {isa = PBXBuildFile; fileRef = 00112233445566778899AB05 /* HistoryView.swift */; };
	00112233445566778899AC06 /* SettingsView.swift in Sources */ = {isa = PBXBuildFile; fileRef = 00112233445566778899AB06 /* SettingsView.swift */; };
	00112233445566778899AC07 /* InCallView.swift in Sources */ = {isa = PBXBuildFile; fileRef = 00112233445566778899AB07 /* InCallView.swift */; };
	00112233445566778899AC08 /* ImageAnalysis.swift in Sources */ = {isa = PBXBuildFile; fileRef = 00112233445566778899AB08 /* ImageAnalysis.swift */; };
	00112233445566778899AC09 /* AppState.swift in Sources */ = {isa = PBXBuildFile; fileRef = 00112233445566778899AB09 /* AppState.swift */; };
	00112233445566778899AC0A /* SupabaseService.swift in Sources */ = {isa = PBXBuildFile; fileRef = 00112233445566778899AB0A /* SupabaseService.swift */; };
	00112233445566778899AC0B /* MoondreamService.swift in Sources */ = {isa = PBXBuildFile; fileRef = 00112233445566778899AB0B /* MoondreamService.swift */; };
	00112233445566778899AC0C /* HumanHandoffService.swift in Sources */ = {isa = PBXBuildFile; fileRef = 00112233445566778899AB0C /* HumanHandoffService.swift */; };
	00112233445566778899AC0D /* Assets.xcassets in Resources */ = {isa = PBXBuildFile; fileRef = 00112233445566778899AB0D /* Assets.xcassets */; };
/* End PBXBuildFile section */

/* Begin PBXFileReference section */
	00112233445566778899AAFE /* Imboni.app */ = {isa = PBXFileReference; explicitFileType = wrapper.application; includeInIndex = 0; path = Imboni.app; sourceTree = BUILT_PRODUCTS_DIR; };
	00112233445566778899AB00 /* ImboniApp.swift */ = {isa = PBXFileReference; lastKnownFileType = sourcecode.swift; path = ImboniApp.swift; sourceTree = "<group>"; };
	00112233445566778899AB01 /* ContentView.swift */ = {isa = PBXFileReference; lastKnownFileType = sourcecode.swift; path = ContentView.swift; sourceTree = "<group>"; };
	00112233445566778899AB02 /* CameraCaptureView.swift */ = {isa = PBXFileReference; lastKnownFileType = sourcecode.swift; path = CameraCaptureView.swift; sourceTree = "<group>"; };
	00112233445566778899AB03 /* AIResponseView.swift */ = {isa = PBXFileReference; lastKnownFileType = sourcecode.swift; path = AIResponseView.swift; sourceTree = "<group>"; };
	00112233445566778899AB04 /* HumanHandoffView.swift */ = {isa = PBXFileReference; lastKnownFileType = sourcecode.swift; path = HumanHandoffView.swift; sourceTree = "<group>"; };
	00112233445566778899AB05 /* HistoryView.swift */ = {isa = PBXFileReference; lastKnownFileType = sourcecode.swift; path = HistoryView.swift; sourceTree = "<group>"; };
	00112233445566778899AB06 /* SettingsView.swift */ = {isa = PBXFileReference; lastKnownFileType = sourcecode.swift; path = SettingsView.swift; sourceTree = "<group>"; };
	00112233445566778899AB07 /* InCallView.swift */ = {isa = PBXFileReference; lastKnownFileType = sourcecode.swift; path = InCallView.swift; sourceTree = "<group>"; };
	00112233445566778899AB08 /* ImageAnalysis.swift */ = {isa = PBXFileReference; lastKnownFileType = sourcecode.swift; path = ImageAnalysis.swift; sourceTree = "<group>"; };
	00112233445566778899AB09 /* AppState.swift */ = {isa = PBXFileReference; lastKnownFileType = sourcecode.swift; path = AppState.swift; sourceTree = "<group>"; };
	00112233445566778899AB0A /* SupabaseService.swift */ = {isa = PBXFileReference; lastKnownFileType = sourcecode.swift; path = SupabaseService.swift; sourceTree = "<group>"; };
	00112233445566778899AB0B /* MoondreamService.swift */ = {isa = PBXFileReference; lastKnownFileType = sourcecode.swift; path = MoondreamService.swift; sourceTree = "<group>"; };
	00112233445566778899AB0C /* HumanHandoffService.swift */ = {isa = PBXFileReference; lastKnownFileType = sourcecode.swift; path = HumanHandoffService.swift; sourceTree = "<group>"; };
	00112233445566778899AB0D /* Assets.xcassets */ = {isa = PBXFileReference; lastKnownFileType = folder.assetcatalog; path = Resources/Assets.xcassets; sourceTree = "<group>"; };
	00112233445566778899AB0E /* Info.plist */ = {isa = PBXFileReference; lastKnownFileType = text.plist.xml; path = Info.plist; sourceTree = "<group>"; };
/* End PBXFileReference section */

/* Begin PBXFrameworksBuildPhase section */
	00112233445566778899AAF4 /* Frameworks */ = {
		isa = PBXFrameworksBuildPhase;
		buildActionMask = 2147483647;
		files = (
		);
		runOnlyForDeploymentPostprocessing = 0;
	};
/* End PBXFrameworksBuildPhase section */

/* Begin PBXGroup section */
	00112233445566778899AAF0 /* Imboni */ = {
		isa = PBXGroup;
		children = (
			00112233445566778899AB0E /* Info.plist */,
			00112233445566778899AB00 /* ImboniApp.swift */,
			00112233445566778899AB01 /* ContentView.swift */,
			00112233445566778899AB02 /* CameraCaptureView.swift */,
			00112233445566778899AB03 /* AIResponseView.swift */,
			00112233445566778899AB04 /* HumanHandoffView.swift */,
			00112233445566778899AB05 /* HistoryView.swift */,
			00112233445566778899AB06 /* SettingsView.swift */,
			00112233445566778899AB07 /* InCallView.swift */,
			00112233445566778899AB08 /* ImageAnalysis.swift */,
			00112233445566778899AB09 /* AppState.swift */,
			00112233445566778899AB0A /* SupabaseService.swift */,
			00112233445566778899AB0B /* MoondreamService.swift */,
			00112233445566778899AB0C /* HumanHandoffService.swift */,
			00112233445566778899AB0D /* Assets.xcassets */,
		);
		path = Imboni;
		sourceTree = "<group>";
	};
	00112233445566778899AAF1 /* Products */ = {
		isa = PBXGroup;
		children = (
			00112233445566778899AAFE /* Imboni.app */,
		);
		name = Products;
		sourceTree = "<group>";
	};
	00112233445566778899AAF8 /* Root */ = {
		isa = PBXGroup;
		children = (
			00112233445566778899AAF0 /* Imboni */,
			00112233445566778899AAF1 /* Products */,
		);
		sourceTree = "<group>";
	};
/* End PBXGroup section */

/* Begin PBXNativeTarget section */
	00112233445566778899AAEF /* Imboni */ = {
		isa = PBXNativeTarget;
		buildConfigurationList = 00112233445566778899AAF5 /* Build configuration list for PBXNativeTarget "Imboni" */;
		buildPhases = (
			00112233445566778899AAF2 /* Sources */,
			00112233445566778899AAF4 /* Frameworks */,
			00112233445566778899AAF3 /* Resources */,
		);
		buildRules = (
		);
		dependencies = (
		);
		name = Imboni;
		productName = Imboni;
		productReference = 00112233445566778899AAFE /* Imboni.app */;
		productType = "com.apple.product-type.application";
	};
/* End PBXNativeTarget section */

/* Begin PBXProject section */
	00112233445566778899AAEE /* Project object */ = {
		isa = PBXProject;
		attributes = {
			LastSwiftUpdateCheck = 1500;
			LastUpgradeCheck = 1500;
			TargetAttributes = {
				00112233445566778899AAEF = {
					CreatedOnToolsVersion = 15.0;
					DevelopmentTeam = "";
				};
			};
		};
		buildConfigurationList = 00112233445566778899AAF9 /* Build configuration list for PBXProject "Imboni" */;
		compatibilityVersion = "Xcode 15.0";
		developmentRegion = en;
		hasScannedForEncodings = 0;
		knownRegions = (
			en,
		);
		mainGroup = 00112233445566778899AAF8 /* Root */;
		productRefGroup = 00112233445566778899AAF1 /* Products */;
		projectDirPath = "";
		projectRoot = "";
		targets = (
			00112233445566778899AAEF /* Imboni */,
		);
	};
/* End PBXProject section */

/* Begin PBXResourcesBuildPhase section */
	00112233445566778899AAF3 /* Resources */ = {
		isa = PBXResourcesBuildPhase;
		buildActionMask = 2147483647;
		files = (
			00112233445566778899AC0D /* Assets.xcassets in Resources */,
		);
		runOnlyForDeploymentPostprocessing = 0;
	};
/* End PBXResourcesBuildPhase section */

/* Begin PBXSourcesBuildPhase section */
	00112233445566778899AAF2 /* Sources */ = {
		isa = PBXSourcesBuildPhase;
		buildActionMask = 2147483647;
		files = (
			00112233445566778899AC0C /* HumanHandoffService.swift in Sources */,
			00112233445566778899AC05 /* HistoryView.swift in Sources */,
			00112233445566778899AC09 /* AppState.swift in Sources */,
			00112233445566778899AC00 /* ImboniApp.swift in Sources */,
			00112233445566778899AC07 /* InCallView.swift in Sources */,
			00112233445566778899AC01 /* ContentView.swift in Sources */,
			00112233445566778899AC02 /* CameraCaptureView.swift in Sources */,
			00112233445566778899AC03 /* AIResponseView.swift in Sources */,
			00112233445566778899AC08 /* ImageAnalysis.swift in Sources */,
			00112233445566778899AC04 /* HumanHandoffView.swift in Sources */,
			00112233445566778899AC0A /* SupabaseService.swift in Sources */,
			00112233445566778899AC0B /* MoondreamService.swift in Sources */,
			00112233445566778899AC06 /* SettingsView.swift in Sources */,
		);
		runOnlyForDeploymentPostprocessing = 0;
	};
/* End PBXSourcesBuildPhase section */

/* Begin XCBuildConfiguration section */
	00112233445566778899AAF6 /* Debug */ = {
		isa = XCBuildConfiguration;
		buildSettings = {
			ALWAYS_SEARCH_USER_PATHS = NO;
			CLANG_ANALYZER_NONNULL = YES;
			CLANG_ANALYZER_NUMBER_OBJECT_CONVERSION = YES_AGGRESSIVE;
			CLANG_CXX_LANGUAGE_STANDARD = "gnu++20";
			CLANG_ENABLE_OBJC_ARC = YES;
			CLANG_ENABLE_OBJC_WEAK = YES;
			CLANG_WARN_DOCUMENTATION_COMMENTS = YES;
			CODE_SIGN_STYLE = Automatic;
			CURRENT_PROJECT_VERSION = 1;
			DEVELOPMENT_TEAM = "";
			ENABLE_PREVIEWS = YES;
			GENERATE_INFOPLIST_FILE = NO;
			INFOPLIST_FILE = Imboni/Info.plist;
			IPHONEOS_DEPLOYMENT_TARGET = 17.0;
			LD_RUNPATH_SEARCH_PATHS = "$(inherited) @executable_path/Frameworks";
			MARKETING_VERSION = 1.0;
			PRODUCT_BUNDLE_IDENTIFIER = com.imboni.app;
			PRODUCT_NAME = "$(TARGET_NAME)";
			SWIFT_ACTIVE_COMPILATION_CONDITIONS = "DEBUG";
			SWIFT_VERSION = 5.0;
			TARGETED_DEVICE_FAMILY = "1,2";
		};
		name = Debug;
	};
	00112233445566778899AAF7 /* Release */ = {
		isa = XCBuildConfiguration;
		buildSettings = {
			ALWAYS_SEARCH_USER_PATHS = NO;
			CLANG_ANALYZER_NONNULL = YES;
			CLANG_ANALYZER_NUMBER_OBJECT_CONVERSION = YES_AGGRESSIVE;
			CLANG_CXX_LANGUAGE_STANDARD = "gnu++20";
			CLANG_ENABLE_OBJC_ARC = YES;
			CLANG_ENABLE_OBJC_WEAK = YES;
			CLANG_WARN_DOCUMENTATION_COMMENTS = YES;
			CODE_SIGN_STYLE = Automatic;
			CURRENT_PROJECT_VERSION = 1;
			DEVELOPMENT_TEAM = "";
			ENABLE_PREVIEWS = YES;
			GENERATE_INFOPLIST_FILE = NO;
			INFOPLIST_FILE = Imboni/Info.plist;
			IPHONEOS_DEPLOYMENT_TARGET = 17.0;
			LD_RUNPATH_SEARCH_PATHS = "$(inherited) @executable_path/Frameworks";
			MARKETING_VERSION = 1.0;
			PRODUCT_BUNDLE_IDENTIFIER = com.imboni.app;
			PRODUCT_NAME = "$(TARGET_NAME)";
			SWIFT_COMPILATION_MODE = wholemodule;
			SWIFT_VERSION = 5.0;
			TARGETED_DEVICE_FAMILY = "1,2";
		};
		name = Release;
	};
	00112233445566778899AAFA /* Project Debug */ = {
		isa = XCBuildConfiguration;
		buildSettings = {
			CLANG_ANALYZER_LOCALIZABILITY_NONLOCALIZED = YES;
			ENABLE_BITCODE = NO;
			ORGANIZATION_NAME = Imboni;
			SWIFT_VERSION = 5.0;
		};
		name = Debug;
	};
	00112233445566778899AAFB /* Project Release */ = {
		isa = XCBuildConfiguration;
		buildSettings = {
			CLANG_ANALYZER_LOCALIZABILITY_NONLOCALIZED = YES;
			ENABLE_BITCODE = NO;
			ORGANIZATION_NAME = Imboni;
			SWIFT_VERSION = 5.0;
		};
		name = Release;
	};
/* End XCBuildConfiguration section */

/* Begin XCConfigurationList section */
	00112233445566778899AAF5 /* Build configuration list for PBXNativeTarget "Imboni" */ = {
		isa = XCConfigurationList;
		buildConfigurations = (
			00112233445566778899AAF6 /* Debug */,
			00112233445566778899AAF7 /* Release */,
		);
		defaultConfigurationIsVisible = 0;
		defaultConfigurationName = Debug;
	};
	00112233445566778899AAF9 /* Build configuration list for PBXProject "Imboni" */ = {
		isa = XCConfigurationList;
		buildConfigurations = (
			00112233445566778899AAFA /* Project Debug */,
			00112233445566778899AAFB /* Project Release */,
		);
		defaultConfigurationIsVisible = 0;
		defaultConfigurationName = Debug;
	};
/* End XCConfigurationList section */

	};
	rootObject = 00112233445566778899AAEE /* Project object */;
}
